
Microsoft Visual Studio Solution File, Format Version 12.00
# Visual Studio Version 17
VisualStudioVersion = 17.1.32210.238
MinimumVisualStudioVersion = 10.0.40219.1
Project("{FAE04EC0-301F-11D3-BF4B-00C04F79EFBC}") = "inlämning 3.3", "inlämning 3.3\inlämning 3.3.csproj", "{358FE5F8-C8B1-4AFA-A740-7BC7F18B5E20}"
EndProject
Global
	GlobalSection(SolutionConfigurationPlatforms) = preSolution
		Debug|Any CPU = Debug|Any CPU
		Release|Any CPU = Release|Any CPU
	EndGlobalSection
	GlobalSection(ProjectConfigurationPlatforms) = postSolution
		{358FE5F8-C8B1-4AFA-A740-7BC7F18B5E20}.Debug|Any CPU.ActiveCfg = Debug|Any CPU
		{358FE5F8-C8B1-4AFA-A740-7BC7F18B5E20}.Debug|Any CPU.Build.0 = Debug|Any CPU
		{358FE5F8-C8B1-4AFA-A740-7BC7F18B5E20}.Release|Any CPU.ActiveCfg = Release|Any CPU
		{358FE5F8-C8B1-4AFA-A740-7BC7F18B5E20}.Release|Any CPU.Build.0 = Release|Any CPU
	EndGlobalSection
	GlobalSection(SolutionProperties) = preSolution
		HideSolutionNode = FALSE
	EndGlobalSection
	GlobalSection(ExtensibilityGlobals) = postSolution
		SolutionGuid = {1122ACB7-D7FF-4E2B-B27E-B7C8570197E6}
	EndGlobalSection
EndGlobal
